{
  "name": "gst-validator",
  "version": "1.0.0",
  "lockfileVersion": 3,
  "requires": true,
  "packages": {
    "": {
      "name": "gst-validator",
      "version": "1.0.0",
      "license": "MIT",
      "dependencies": {
        "pan-card-validator": "^1.0.0"
      },
      "engines": {
        "node": ">=18"
      }
    },
    "node_modules/pan-card-validator": {
      "version": "1.0.0",
      "resolved": "https://registry.npmjs.org/pan-card-validator/-/pan-card-validator-1.0.0.tgz",
      "integrity": "sha512-XZjrb+CVh7PjAHhKZgDgGNbwYjlb5JcIqUw/SXJWk3zS2Nom4U6Oh4/o/Qp8BOwCCBkeyX7Icho8DartvuWMmQ==",
      "license": "MIT",
      "engines": {
        "node": ">=18"
      }
    }
  }
}
