{
  "name": "gst-validator",
  "version": "1.0.3",
  "lockfileVersion": 3,
  "requires": true,
  "packages": {
    "": {
      "name": "gst-validator",
      "version": "1.0.3",
      "license": "MIT",
      "dependencies": {
        "pan-card-validator": "1.0.4"
      },
      "engines": {
        "node": ">=18"
      }
    },
    "node_modules/pan-card-validator": {
      "version": "1.0.4",
      "resolved": "https://registry.npmjs.org/pan-card-validator/-/pan-card-validator-1.0.4.tgz",
      "integrity": "sha512-FS4Nuk8h49upNviw9uwUwc0IX1XtWqcQ6KjcWuXdrTmqptqNUJ/o235pkU6h6vi165mjRIZKthprO8draYteuQ==",
      "license": "MIT",
      "engines": {
        "node": ">=18"
      }
    }
  }
}
