{
  "name": "@vijayishere/gstin-validate",
  "version": "1.0.0",
  "lockfileVersion": 3,
  "requires": true,
  "packages": {
    "": {
      "name": "@vijayishere/gstin-validate",
      "version": "1.0.0",
      "license": "MIT",
      "dependencies": {
        "@vijayishere/pan-validator": "^1.0.0"
      },
      "engines": {
        "node": ">=18"
      }
    },
    "node_modules/@vijayishere/pan-validator": {
      "version": "1.0.0",
      "resolved": "https://registry.npmjs.org/@vijayishere/pan-validator/-/pan-validator-1.0.0.tgz",
      "integrity": "sha512-IbuDtyTWrU1lxBROq+ih5TMqwvzlwIvqTAz45ZzeHpD/UtwKHP+AgODEflC9mro4vJZMKz+sfiSgx5sOOCCV/Q==",
      "license": "MIT",
      "engines": {
        "node": ">=18"
      }
    }
  }
}
